{
  "name": "apitester",
  "version": "1.0.0",
  "lockfileVersion": 1,
  "requires": true,
  "dependencies": {
    "libsky-axios": {
      "version": "file:../lib/skyapi/typescript-axios",
      "dev": true,
      "requires": {
        "axios": "^0.18.0"
      }
    },
    "libsky-node": {
      "version": "file:../lib/skyapi/typescript-node",
      "dev": true,
      "requires": {
        "@types/bluebird": "*",
        "@types/request": "*",
        "bluebird": "^3.5.0",
        "request": "^2.81.0",
        "rewire": "^3.0.2"
      }
    }
  }
}
