{
  "requires": true,
  "lockfileVersion": 1,
  "dependencies": {
    "libsky-node": {
      "version": "file:../../lib/skyapi/node",
      "dev": true,
      "requires": {
        "@types/bluebird": "*",
        "@types/request": "*",
        "bluebird": "^3.5.0",
        "request": "^2.81.0",
        "rewire": "^3.0.2"
      }
    }
  }
}
